{
  "name": "graphics-design",
  "version": "0.1.0",
  "lockfileVersion": 1,
  "requires": true,
  "dependencies": {
    "@yelloxing/core.js": {
      "version": "0.2.6",
      "resolved": "https://registry.npmjs.org/@yelloxing/core.js/-/core.js-0.2.6.tgz",
      "integrity": "sha512-EXC2/xiOPHY1cH+DKOJnOf3VdiU0eyk3B1RmcL2CcwkXDhg9rwF0P0JPd+m0l7jDM5D1PY407ZUUJotN7qA8vA=="
    },
    "@yelloxing/normalize.css": {
      "version": "0.2.1",
      "resolved": "https://registry.npmjs.org/@yelloxing/normalize.css/-/normalize.css-0.2.1.tgz",
      "integrity": "sha512-jJHIy6lqT4u88n4hEjH/VOyG1QW2kfNGTNeawsYLkJrvpqOAye2ti6SbjVraKicFi6hsZl6fn0o4v+QdToIQcQ=="
    },
    "image2d": {
      "version": "1.4.6",
      "resolved": "https://registry.npmjs.org/image2d/-/image2d-1.4.6.tgz",
      "integrity": "sha512-P68tdQ+QRftgH/oML8qjEbHAvVH/5q8UTCpISTjbWPd9GcxZePtUoBfaEdr5Qz3n4Wf08PrtnT9ABOJgOxzpFQ==",
      "requires": {
        "@yelloxing/core.js": "^0.2.6"
      }
    },
    "image3d": {
      "version": "1.0.1",
      "resolved": "https://registry.npmjs.org/image3d/-/image3d-1.0.1.tgz",
      "integrity": "sha512-W+NQTeDOEpZxjP1ZB0fELN2ATkf3kRVJLCSc87/VLmgu5YFzEZuj8H52QrP/GUrEo4Vh2f5vLgt7+tweCWf8Rg==",
      "requires": {
        "@yelloxing/core.js": "^0.2.0"
      }
    }
  }
}
